// !$*UTF8*$!
{
	archiveVersion = 1;
	classes = {
	};
	objectVersion = 46;
	objects = {

/* Begin PBXBuildFile section */
		373754901D923A5F00E1D217 /* PodcastsRadionicaAPI.swift in Sources */ = {isa = PBXBuildFile; fileRef = 3737548F1D923A5F00E1D217 /* PodcastsRadionicaAPI.swift */; };
		373754921D9248A300E1D217 /* PodcastsListTableViewController.swift in Sources */ = {isa = PBXBuildFile; fileRef = 373754911D9248A300E1D217 /* PodcastsListTableViewController.swift */; };
		373754941D925A2900E1D217 /* PodcastTableViewCell.swift in Sources */ = {isa = PBXBuildFile; fileRef = 373754931D925A2900E1D217 /* PodcastTableViewCell.swift */; };
		3749037D1D9354A200C1B083 /* PodcastDetailViewController.swift in Sources */ = {isa = PBXBuildFile; fileRef = 3749037C1D9354A200C1B083 /* PodcastDetailViewController.swift */; };
		3749037F1D93703A00C1B083 /* EpisodeTableViewCell.swift in Sources */ = {isa = PBXBuildFile; fileRef = 3749037E1D93703A00C1B083 /* EpisodeTableViewCell.swift */; };
		3764F52E1D9239DA00FB2621 /* AppDelegate.swift in Sources */ = {isa = PBXBuildFile; fileRef = 3764F52D1D9239DA00FB2621 /* AppDelegate.swift */; };
		3764F5331D9239DA00FB2621 /* Main.storyboard in Resources */ = {isa = PBXBuildFile; fileRef = 3764F5311D9239DA00FB2621 /* Main.storyboard */; };
		3764F5351D9239DA00FB2621 /* Assets.xcassets in Resources */ = {isa = PBXBuildFile; fileRef = 3764F5341D9239DA00FB2621 /* Assets.xcassets */; };
		3764F5381D9239DA00FB2621 /* LaunchScreen.storyboard in Resources */ = {isa = PBXBuildFile; fileRef = 3764F5361D9239DA00FB2621 /* LaunchScreen.storyboard */; };
		6E46BA8A821658C6E1420B34 /* Pods_Podcasts.framework in Frameworks */ = {isa = PBXBuildFile; fileRef = 4F79B960D945E2C9844FDF25 /* Pods_Podcasts.framework */; };
/* End PBXBuildFile section */

/* Begin PBXFileReference section */
		3737548F1D923A5F00E1D217 /* PodcastsRadionicaAPI.swift */ = {isa = PBXFileReference; fileEncoding = 4; lastKnownFileType = sourcecode.swift; path = PodcastsRadionicaAPI.swift; sourceTree = "<group>"; };
		373754911D9248A300E1D217 /* PodcastsListTableViewController.swift */ = {isa = PBXFileReference; fileEncoding = 4; lastKnownFileType = sourcecode.swift; path = PodcastsListTableViewController.swift; sourceTree = "<group>"; };
		373754931D925A2900E1D217 /* PodcastTableViewCell.swift */ = {isa = PBXFileReference; fileEncoding = 4; lastKnownFileType = sourcecode.swift; path = PodcastTableViewCell.swift; sourceTree = "<group>"; };
		3749037C1D9354A200C1B083 /* PodcastDetailViewController.swift */ = {isa = PBXFileReference; fileEncoding = 4; lastKnownFileType = sourcecode.swift; path = PodcastDetailViewController.swift; sourceTree = "<group>"; };
		3749037E1D93703A00C1B083 /* EpisodeTableViewCell.swift */ = {isa = PBXFileReference; fileEncoding = 4; lastKnownFileType = sourcecode.swift; path = EpisodeTableViewCell.swift; sourceTree = "<group>"; };
		3764F52A1D9239DA00FB2621 /* Podcasts.app */ = {isa = PBXFileReference; explicitFileType = wrapper.application; includeInIndex = 0; path = Podcasts.app; sourceTree = BUILT_PRODUCTS_DIR; };
		3764F52D1D9239DA00FB2621 /* AppDelegate.swift */ = {isa = PBXFileReference; lastKnownFileType = sourcecode.swift; path = AppDelegate.swift; sourceTree = "<group>"; };
		3764F5321D9239DA00FB2621 /* Base */ = {isa = PBXFileReference; lastKnownFileType = file.storyboard; name = Base; path = Base.lproj/Main.storyboard; sourceTree = "<group>"; };
		3764F5341D9239DA00FB2621 /* Assets.xcassets */ = {isa = PBXFileReference; lastKnownFileType = folder.assetcatalog; path = Assets.xcassets; sourceTree = "<group>"; };
		3764F5371D9239DA00FB2621 /* Base */ = {isa = PBXFileReference; lastKnownFileType = file.storyboard; name = Base; path = Base.lproj/LaunchScreen.storyboard; sourceTree = "<group>"; };
		3764F5391D9239DA00FB2621 /* Info.plist */ = {isa = PBXFileReference; lastKnownFileType = text.plist.xml; path = Info.plist; sourceTree = "<group>"; };
		4F79B960D945E2C9844FDF25 /* Pods_Podcasts.framework */ = {isa = PBXFileReference; explicitFileType = wrapper.framework; includeInIndex = 0; path = Pods_Podcasts.framework; sourceTree = BUILT_PRODUCTS_DIR; };
		52DD1BFAA043550C5060EB87 /* Pods-Podcasts.debug.xcconfig */ = {isa = PBXFileReference; includeInIndex = 1; lastKnownFileType = text.xcconfig; name = "Pods-Podcasts.debug.xcconfig"; path = "Pods/Target Support Files/Pods-Podcasts/Pods-Podcasts.debug.xcconfig"; sourceTree = "<group>"; };
		98AE219057DC58E70878ECFC /* Pods-Podcasts.release.xcconfig */ = {isa = PBXFileReference; includeInIndex = 1; lastKnownFileType = text.xcconfig; name = "Pods-Podcasts.release.xcconfig"; path = "Pods/Target Support Files/Pods-Podcasts/Pods-Podcasts.release.xcconfig"; sourceTree = "<group>"; };
/* End PBXFileReference section */

/* Begin PBXFrameworksBuildPhase section */
		3764F5271D9239DA00FB2621 /* Frameworks */ = {
			isa = PBXFrameworksBuildPhase;
			buildActionMask = 2147483647;
			files = (
				6E46BA8A821658C6E1420B34 /* Pods_Podcasts.framework in Frameworks */,
			);
			runOnlyForDeploymentPostprocessing = 0;
		};
/* End PBXFrameworksBuildPhase section */

/* Begin PBXGroup section */
		3764F5211D9239DA00FB2621 = {
			isa = PBXGroup;
			children = (
				3764F52C1D9239DA00FB2621 /* Podcasts */,
				3764F52B1D9239DA00FB2621 /* Products */,
				7D66EF5E3715C78F371BAE1A /* Pods */,
				E7462D93D5967AF64530D7ED /* Frameworks */,
			);
			sourceTree = "<group>";
		};
		3764F52B1D9239DA00FB2621 /* Products */ = {
			isa = PBXGroup;
			children = (
				3764F52A1D9239DA00FB2621 /* Podcasts.app */,
			);
			name = Products;
			sourceTree = "<group>";
		};
		3764F52C1D9239DA00FB2621 /* Podcasts */ = {
			isa = PBXGroup;
			children = (
				3764F52D1D9239DA00FB2621 /* AppDelegate.swift */,
				3764F5311D9239DA00FB2621 /* Main.storyboard */,
				3764F5341D9239DA00FB2621 /* Assets.xcassets */,
				3764F5361D9239DA00FB2621 /* LaunchScreen.storyboard */,
				3764F5391D9239DA00FB2621 /* Info.plist */,
				3737548F1D923A5F00E1D217 /* PodcastsRadionicaAPI.swift */,
				373754911D9248A300E1D217 /* PodcastsListTableViewController.swift */,
				373754931D925A2900E1D217 /* PodcastTableViewCell.swift */,
				3749037C1D9354A200C1B083 /* PodcastDetailViewController.swift */,
				3749037E1D93703A00C1B083 /* EpisodeTableViewCell.swift */,
			);
			path = Podcasts;
			sourceTree = "<group>";
		};
		7D66EF5E3715C78F371BAE1A /* Pods */ = {
			isa = PBXGroup;
			children = (
				52DD1BFAA043550C5060EB87 /* Pods-Podcasts.debug.xcconfig */,
				98AE219057DC58E70878ECFC /* Pods-Podcasts.release.xcconfig */,
			);
			name = Pods;
			sourceTree = "<group>";
		};
		E7462D93D5967AF64530D7ED /* Frameworks */ = {
			isa = PBXGroup;
			children = (
				4F79B960D945E2C9844FDF25 /* Pods_Podcasts.framework */,
			);
			name = Frameworks;
			sourceTree = "<group>";
		};
/* End PBXGroup section */

/* Begin PBXNativeTarget section */
		3764F5291D9239DA00FB2621 /* Podcasts */ = {
			isa = PBXNativeTarget;
			buildConfigurationList = 3764F53C1D9239DA00FB2621 /* Build configuration list for PBXNativeTarget "Podcasts" */;
			buildPhases = (
				C02949338AC3A988A27F0393 /* [CP] Check Pods Manifest.lock */,
				3764F5261D9239DA00FB2621 /* Sources */,
				3764F5271D9239DA00FB2621 /* Frameworks */,
				3764F5281D9239DA00FB2621 /* Resources */,
				67915B3DA20FE8D973283287 /* [CP] Embed Pods Frameworks */,
				6DFA0EE155648FFAE8A054C1 /* [CP] Copy Pods Resources */,
			);
			buildRules = (
			);
			dependencies = (
			);
			name = Podcasts;
			productName = Podcasts;
			productReference = 3764F52A1D9239DA00FB2621 /* Podcasts.app */;
			productType = "com.apple.product-type.application";
		};
/* End PBXNativeTarget section */

/* Begin PBXProject section */
		3764F5221D9239DA00FB2621 /* Project object */ = {
			isa = PBXProject;
			attributes = {
				LastSwiftUpdateCheck = 0800;
				LastUpgradeCheck = 0800;
				ORGANIZATIONNAME = "Angel Torres";
				TargetAttributes = {
					3764F5291D9239DA00FB2621 = {
						CreatedOnToolsVersion = 8.0;
						DevelopmentTeam = WEFHXM4G6Y;
						ProvisioningStyle = Automatic;
					};
				};
			};
			buildConfigurationList = 3764F5251D9239DA00FB2621 /* Build configuration list for PBXProject "Podcasts" */;
			compatibilityVersion = "Xcode 3.2";
			developmentRegion = English;
			hasScannedForEncodings = 0;
			knownRegions = (
				en,
				Base,
			);
			mainGroup = 3764F5211D9239DA00FB2621;
			productRefGroup = 3764F52B1D9239DA00FB2621 /* Products */;
			projectDirPath = "";
			projectRoot = "";
			targets = (
				3764F5291D9239DA00FB2621 /* Podcasts */,
			);
		};
/* End PBXProject section */

/* Begin PBXResourcesBuildPhase section */
		3764F5281D9239DA00FB2621 /* Resources */ = {
			isa = PBXResourcesBuildPhase;
			buildActionMask = 2147483647;
			files = (
				3764F5381D9239DA00FB2621 /* LaunchScreen.storyboard in Resources */,
				3764F5351D9239DA00FB2621 /* Assets.xcassets in Resources */,
				3764F5331D9239DA00FB2621 /* Main.storyboard in Resources */,
			);
			runOnlyForDeploymentPostprocessing = 0;
		};
/* End PBXResourcesBuildPhase section */

/* Begin PBXShellScriptBuildPhase section */
		67915B3DA20FE8D973283287 /* [CP] Embed Pods Frameworks */ = {
			isa = PBXShellScriptBuildPhase;
			buildActionMask = 2147483647;
			files = (
			);
			inputPaths = (
			);
			name = "[CP] Embed Pods Frameworks";
			outputPaths = (
			);
			runOnlyForDeploymentPostprocessing = 0;
			shellPath = /bin/sh;
			shellScript = "\"${SRCROOT}/Pods/Target Support Files/Pods-Podcasts/Pods-Podcasts-frameworks.sh\"\n";
			showEnvVarsInLog = 0;
		};
		6DFA0EE155648FFAE8A054C1 /* [CP] Copy Pods Resources */ = {
			isa = PBXShellScriptBuildPhase;
			buildActionMask = 2147483647;
			files = (
			);
			inputPaths = (
			);
			name = "[CP] Copy Pods Resources";
			outputPaths = (
			);
			runOnlyForDeploymentPostprocessing = 0;
			shellPath = /bin/sh;
			shellScript = "\"${SRCROOT}/Pods/Target Support Files/Pods-Podcasts/Pods-Podcasts-resources.sh\"\n";
			showEnvVarsInLog = 0;
		};
		C02949338AC3A988A27F0393 /* [CP] Check Pods Manifest.lock */ = {
			isa = PBXShellScriptBuildPhase;
			buildActionMask = 2147483647;
			files = (
			);
			inputPaths = (
			);
			name = "[CP] Check Pods Manifest.lock";
			outputPaths = (
			);
			runOnlyForDeploymentPostprocessing = 0;
			shellPath = /bin/sh;
			shellScript = "diff \"${PODS_ROOT}/../Podfile.lock\" \"${PODS_ROOT}/Manifest.lock\" > /dev/null\nif [ $? != 0 ] ; then\n    # print error to STDERR\n    echo \"error: The sandbox is not in sync with the Podfile.lock. Run 'pod install' or update your CocoaPods installation.\" >&2\n    exit 1\nfi\n";
			showEnvVarsInLog = 0;
		};
/* End PBXShellScriptBuildPhase section */

/* Begin PBXSourcesBuildPhase section */
		3764F5261D9239DA00FB2621 /* Sources */ = {
			isa = PBXSourcesBuildPhase;
			buildActionMask = 2147483647;
			files = (
				373754921D9248A300E1D217 /* PodcastsListTableViewController.swift in Sources */,
				373754901D923A5F00E1D217 /* PodcastsRadionicaAPI.swift in Sources */,
				373754941D925A2900E1D217 /* PodcastTableViewCell.swift in Sources */,
				3749037F1D93703A00C1B083 /* EpisodeTableViewCell.swift in Sources */,
				3749037D1D9354A200C1B083 /* PodcastDetailViewController.swift in Sources */,
				3764F52E1D9239DA00FB2621 /* AppDelegate.swift in Sources */,
			);
			runOnlyForDeploymentPostprocessing = 0;
		};
/* End PBXSourcesBuildPhase section */

/* Begin PBXVariantGroup section */
		3764F5311D9239DA00FB2621 /* Main.storyboard */ = {
			isa = PBXVariantGroup;
			children = (
				3764F5321D9239DA00FB2621 /* Base */,
			);
			name = Main.storyboard;
			sourceTree = "<group>";
		};
		3764F5361D9239DA00FB2621 /* LaunchScreen.storyboard */ = {
			isa = PBXVariantGroup;
			children = (
				3764F5371D9239DA00FB2621 /* Base */,
			);
			name = LaunchScreen.storyboard;
			sourceTree = "<group>";
		};
/* End PBXVariantGroup section */

/* Begin XCBuildConfiguration section */
		3764F53A1D9239DA00FB2621 /* Debug */ = {
			isa = XCBuildConfiguration;
			buildSettings = {
				ALWAYS_SEARCH_USER_PATHS = NO;
				CLANG_ANALYZER_NONNULL = YES;
				CLANG_CXX_LANGUAGE_STANDARD = "gnu++0x";
				CLANG_CXX_LIBRARY = "libc++";
				CLANG_ENABLE_MODULES = YES;
				CLANG_ENABLE_OBJC_ARC = YES;
				CLANG_WARN_BOOL_CONVERSION = YES;
				CLANG_WARN_CONSTANT_CONVERSION = YES;
				CLANG_WARN_DIRECT_OBJC_ISA_USAGE = YES_ERROR;
				CLANG_WARN_DOCUMENTATION_COMMENTS = YES;
				CLANG_WARN_EMPTY_BODY = YES;
				CLANG_WARN_ENUM_CONVERSION = YES;
				CLANG_WARN_INFINITE_RECURSION = YES;
				CLANG_WARN_INT_CONVERSION = YES;
				CLANG_WARN_OBJC_ROOT_CLASS = YES_ERROR;
				CLANG_WARN_SUSPICIOUS_MOVES = YES;
				CLANG_WARN_UNREACHABLE_CODE = YES;
				CLANG_WARN__DUPLICATE_METHOD_MATCH = YES;
				"CODE_SIGN_IDENTITY[sdk=iphoneos*]" = "iPhone Developer";
				COPY_PHASE_STRIP = NO;
				DEBUG_INFORMATION_FORMAT = dwarf;
				ENABLE_STRICT_OBJC_MSGSEND = YES;
				ENABLE_TESTABILITY = YES;
				GCC_C_LANGUAGE_STANDARD = gnu99;
				GCC_DYNAMIC_NO_PIC = NO;
				GCC_NO_COMMON_BLOCKS = YES;
				GCC_OPTIMIZATION_LEVEL = 0;
				GCC_PREPROCESSOR_DEFINITIONS = (
					"DEBUG=1",
					"$(inherited)",
				);
				GCC_WARN_64_TO_32_BIT_CONVERSION = YES;
				GCC_WARN_ABOUT_RETURN_TYPE = YES_ERROR;
				GCC_WARN_UNDECLARED_SELECTOR = YES;
				GCC_WARN_UNINITIALIZED_AUTOS = YES_AGGRESSIVE;
				GCC_WARN_UNUSED_FUNCTION = YES;
				GCC_WARN_UNUSED_VARIABLE = YES;
				IPHONEOS_DEPLOYMENT_TARGET = 9.2;
				MTL_ENABLE_DEBUG_INFO = YES;
				ONLY_ACTIVE_ARCH = YES;
				SDKROOT = iphoneos;
				SWIFT_ACTIVE_COMPILATION_CONDITIONS = DEBUG;
				SWIFT_OPTIMIZATION_LEVEL = "-Onone";
			};
			name = Debug;
		};
		3764F53B1D9239DA00FB2621 /* Release */ = {
			isa = XCBuildConfiguration;
			buildSettings = {
				ALWAYS_SEARCH_USER_PATHS = NO;
				CLANG_ANALYZER_NONNULL = YES;
				CLANG_CXX_LANGUAGE_STANDARD = "gnu++0x";
				CLANG_CXX_LIBRARY = "libc++";
				CLANG_ENABLE_MODULES = YES;
				CLANG_ENABLE_OBJC_ARC = YES;
				CLANG_WARN_BOOL_CONVERSION = YES;
				CLANG_WARN_CONSTANT_CONVERSION = YES;
				CLANG_WARN_DIRECT_OBJC_ISA_USAGE = YES_ERROR;
				CLANG_WARN_DOCUMENTATION_COMMENTS = YES;
				CLANG_WARN_EMPTY_BODY = YES;
				CLANG_WARN_ENUM_CONVERSION = YES;
				CLANG_WARN_INFINITE_RECURSION = YES;
				CLANG_WARN_INT_CONVERSION = YES;
				CLANG_WARN_OBJC_ROOT_CLASS = YES_ERROR;
				CLANG_WARN_SUSPICIOUS_MOVES = YES;
				CLANG_WARN_UNREACHABLE_CODE = YES;
				CLANG_WARN__DUPLICATE_METHOD_MATCH = YES;
				"CODE_SIGN_IDENTITY[sdk=iphoneos*]" = "iPhone Developer";
				COPY_PHASE_STRIP = NO;
				DEBUG_INFORMATION_FORMAT = "dwarf-with-dsym";
				ENABLE_NS_ASSERTIONS = NO;
				ENABLE_STRICT_OBJC_MSGSEND = YES;
				GCC_C_LANGUAGE_STANDARD = gnu99;
				GCC_NO_COMMON_BLOCKS = YES;
				GCC_WARN_64_TO_32_BIT_CONVERSION = YES;
				GCC_WARN_ABOUT_RETURN_TYPE = YES_ERROR;
				GCC_WARN_UNDECLARED_SELECTOR = YES;
				GCC_WARN_UNINITIALIZED_AUTOS = YES_AGGRESSIVE;
				GCC_WARN_UNUSED_FUNCTION = YES;
				GCC_WARN_UNUSED_VARIABLE = YES;
				IPHONEOS_DEPLOYMENT_TARGET = 9.2;
				MTL_ENABLE_DEBUG_INFO = NO;
				SDKROOT = iphoneos;
				SWIFT_OPTIMIZATION_LEVEL = "-Owholemodule";
				VALIDATE_PRODUCT = YES;
			};
			name = Release;
		};
		3764F53D1D9239DA00FB2621 /* Debug */ = {
			isa = XCBuildConfiguration;
			baseConfigurationReference = 52DD1BFAA043550C5060EB87 /* Pods-Podcasts.debug.xcconfig */;
			buildSettings = {
				ASSETCATALOG_COMPILER_APPICON_NAME = AppIcon;
				DEVELOPMENT_TEAM = WEFHXM4G6Y;
				INFOPLIST_FILE = Podcasts/Info.plist;
				LD_RUNPATH_SEARCH_PATHS = "$(inherited) @executable_path/Frameworks";
				PRODUCT_BUNDLE_IDENTIFIER = co.angeltorres.Podcasts;
				PRODUCT_NAME = "$(TARGET_NAME)";
				SWIFT_VERSION = 3.0;
			};
			name = Debug;
		};
		3764F53E1D9239DA00FB2621 /* Release */ = {
			isa = XCBuildConfiguration;
			baseConfigurationReference = 98AE219057DC58E70878ECFC /* Pods-Podcasts.release.xcconfig */;
			buildSettings = {
				ASSETCATALOG_COMPILER_APPICON_NAME = AppIcon;
				DEVELOPMENT_TEAM = WEFHXM4G6Y;
				INFOPLIST_FILE = Podcasts/Info.plist;
				LD_RUNPATH_SEARCH_PATHS = "$(inherited) @executable_path/Frameworks";
				PRODUCT_BUNDLE_IDENTIFIER = co.angeltorres.Podcasts;
				PRODUCT_NAME = "$(TARGET_NAME)";
				SWIFT_VERSION = 3.0;
			};
			name = Release;
		};
/* End XCBuildConfiguration section */

/* Begin XCConfigurationList section */
		3764F5251D9239DA00FB2621 /* Build configuration list for PBXProject "Podcasts" */ = {
			isa = XCConfigurationList;
			buildConfigurations = (
				3764F53A1D9239DA00FB2621 /* Debug */,
				3764F53B1D9239DA00FB2621 /* Release */,
			);
			defaultConfigurationIsVisible = 0;
			defaultConfigurationName = Release;
		};
		3764F53C1D9239DA00FB2621 /* Build configuration list for PBXNativeTarget "Podcasts" */ = {
			isa = XCConfigurationList;
			buildConfigurations = (
				3764F53D1D9239DA00FB2621 /* Debug */,
				3764F53E1D9239DA00FB2621 /* Release */,
			);
			defaultConfigurationIsVisible = 0;
			defaultConfigurationName = Release;
		};
/* End XCConfigurationList section */
	};
	rootObject = 3764F5221D9239DA00FB2621 /* Project object */;
}
